
Microsoft Visual Studio Solution File, Format Version 12.00
# Visual Studio Version 16
VisualStudioVersion = 16.0.30523.141
MinimumVisualStudioVersion = 10.0.40219.1
Project("{9A19103F-16F7-4668-BE54-9A1E7A4F7556}") = "App.Data", "App.Data\App.Data.csproj", "{C54204FA-FF30-4AE4-BB2E-E796B02D743F}"
EndProject
Project("{9A19103F-16F7-4668-BE54-9A1E7A4F7556}") = "App.Services", "App.Services\App.Services.csproj", "{9CB0E3CA-B241-4168-8DF6-E32D36262811}"
EndProject
Project("{9A19103F-16F7-4668-BE54-9A1E7A4F7556}") = "App.Web", "App.Web\App.Web.csproj", "{8597DB2F-578A-44D1-AB54-137CA5F316EF}"
EndProject
Global
	GlobalSection(SolutionConfigurationPlatforms) = preSolution
		Debug|Any CPU = Debug|Any CPU
		Release|Any CPU = Release|Any CPU
	EndGlobalSection
	GlobalSection(ProjectConfigurationPlatforms) = postSolution
		{C54204FA-FF30-4AE4-BB2E-E796B02D743F}.Debug|Any CPU.ActiveCfg = Debug|Any CPU
		{C54204FA-FF30-4AE4-BB2E-E796B02D743F}.Debug|Any CPU.Build.0 = Debug|Any CPU
		{C54204FA-FF30-4AE4-BB2E-E796B02D743F}.Release|Any CPU.ActiveCfg = Release|Any CPU
		{C54204FA-FF30-4AE4-BB2E-E796B02D743F}.Release|Any CPU.Build.0 = Release|Any CPU
		{9CB0E3CA-B241-4168-8DF6-E32D36262811}.Debug|Any CPU.ActiveCfg = Debug|Any CPU
		{9CB0E3CA-B241-4168-8DF6-E32D36262811}.Debug|Any CPU.Build.0 = Debug|Any CPU
		{9CB0E3CA-B241-4168-8DF6-E32D36262811}.Release|Any CPU.ActiveCfg = Release|Any CPU
		{9CB0E3CA-B241-4168-8DF6-E32D36262811}.Release|Any CPU.Build.0 = Release|Any CPU
		{8597DB2F-578A-44D1-AB54-137CA5F316EF}.Debug|Any CPU.ActiveCfg = Debug|Any CPU
		{8597DB2F-578A-44D1-AB54-137CA5F316EF}.Debug|Any CPU.Build.0 = Debug|Any CPU
		{8597DB2F-578A-44D1-AB54-137CA5F316EF}.Release|Any CPU.ActiveCfg = Release|Any CPU
		{8597DB2F-578A-44D1-AB54-137CA5F316EF}.Release|Any CPU.Build.0 = Release|Any CPU
	EndGlobalSection
	GlobalSection(SolutionProperties) = preSolution
		HideSolutionNode = FALSE
	EndGlobalSection
	GlobalSection(ExtensibilityGlobals) = postSolution
		SolutionGuid = {B2D532F5-E0F7-4879-BCFA-E78FAD98EB6D}
	EndGlobalSection
EndGlobal
